{
  "name": "magic-eye-game",
  "version": "1.0.0",
  "lockfileVersion": 1,
  "requires": true,
  "dependencies": {
    "magic-eye": {
      "version": "0.1.0",
      "resolved": "https://registry.npmjs.org/magic-eye/-/magic-eye-0.1.0.tgz",
      "integrity": "sha1-No2IAkRoeuQ9u6IK6Fxy1ofLQxE="
    }
  }
}
